
Microsoft Visual Studio Solution File, Format Version 12.00
# Visual Studio Version 17
VisualStudioVersion = 17.11.35327.3
MinimumVisualStudioVersion = 10.0.40219.1
Project("{FAE04EC0-301F-11D3-BF4B-00C04F79EFBC}") = "MauiAppHotel", "MauiAppHotel\MauiAppHotel.csproj", "{8AF505FD-5A50-455D-847E-A8CE384FE4BE}"
EndProject
Global
	GlobalSection(SolutionConfigurationPlatforms) = preSolution
		Debug|Any CPU = Debug|Any CPU
		Release|Any CPU = Release|Any CPU
	EndGlobalSection
	GlobalSection(ProjectConfigurationPlatforms) = postSolution
		{8AF505FD-5A50-455D-847E-A8CE384FE4BE}.Debug|Any CPU.ActiveCfg = Debug|Any CPU
		{8AF505FD-5A50-455D-847E-A8CE384FE4BE}.Debug|Any CPU.Build.0 = Debug|Any CPU
		{8AF505FD-5A50-455D-847E-A8CE384FE4BE}.Debug|Any CPU.Deploy.0 = Debug|Any CPU
		{8AF505FD-5A50-455D-847E-A8CE384FE4BE}.Release|Any CPU.ActiveCfg = Release|Any CPU
		{8AF505FD-5A50-455D-847E-A8CE384FE4BE}.Release|Any CPU.Build.0 = Release|Any CPU
		{8AF505FD-5A50-455D-847E-A8CE384FE4BE}.Release|Any CPU.Deploy.0 = Release|Any CPU
	EndGlobalSection
	GlobalSection(SolutionProperties) = preSolution
		HideSolutionNode = FALSE
	EndGlobalSection
	GlobalSection(ExtensibilityGlobals) = postSolution
		SolutionGuid = {463AB71F-D6C5-428E-BECE-BC7C476AB757}
	EndGlobalSection
EndGlobal
